
Microsoft Visual Studio Solution File, Format Version 12.00
# Visual Studio Version 17
VisualStudioVersion = 17.7.34031.279
MinimumVisualStudioVersion = 10.0.40219.1
Project("{888888A0-9F3D-457C-B088-3A5042F75D52}") = "1", "1\1.pyproj", "{7476F825-9AB7-44B0-9A2A-0C33C1180933}"
EndProject
Project("{888888A0-9F3D-457C-B088-3A5042F75D52}") = "9", "9\9.pyproj", "{E75E9DF0-EBC3-4081-9AEF-BA2DB94044D2}"
EndProject
Project("{888888A0-9F3D-457C-B088-3A5042F75D52}") = "17", "17\17.pyproj", "{27232018-47D1-4E0C-959C-860CCBF0FD3B}"
EndProject
Project("{888888A0-9F3D-457C-B088-3A5042F75D52}") = "25", "26\25.pyproj", "{0887B07E-582A-4E42-AAED-05621418082E}"
EndProject
Project("{888888A0-9F3D-457C-B088-3A5042F75D52}") = "33", "34\33.pyproj", "{FC98D32D-E343-43A8-9A87-7FF389A1637B}"
EndProject
Project("{888888A0-9F3D-457C-B088-3A5042F75D52}") = "41", "41\41.pyproj", "{682C681A-1E2B-474C-A699-7AFC2828C1D9}"
EndProject
Project("{888888A0-9F3D-457C-B088-3A5042F75D52}") = "49", "49\49.pyproj", "{BC479CCF-6EBB-4A3F-B0DB-F71B7AAF238C}"
EndProject
Project("{888888A0-9F3D-457C-B088-3A5042F75D52}") = "57", "57\57.pyproj", "{7C830B27-E644-42F7-988F-8C2398C72B44}"
EndProject
Project("{888888A0-9F3D-457C-B088-3A5042F75D52}") = "65", "65\65.pyproj", "{23A92C72-3DA6-4E62-B795-958F8B1C1C9A}"
EndProject
Project("{888888A0-9F3D-457C-B088-3A5042F75D52}") = "73", "73\73.pyproj", "{82A78570-0C31-45E8-95CB-DBC396C54201}"
EndProject
Project("{888888A0-9F3D-457C-B088-3A5042F75D52}") = "81", "81\81.pyproj", "{0F51D3A6-CEEB-4C87-9465-FD463F01E11F}"
EndProject
Project("{888888A0-9F3D-457C-B088-3A5042F75D52}") = "89", "89\89.pyproj", "{CA4EA430-A8C0-48FD-9772-6F2C8F5F18D4}"
EndProject
Project("{888888A0-9F3D-457C-B088-3A5042F75D52}") = "97", "97\97.pyproj", "{451F8846-1088-4FE8-ACFB-D53EF544A88D}"
EndProject
Project("{888888A0-9F3D-457C-B088-3A5042F75D52}") = "105", "105\105.pyproj", "{CEBA4656-0437-45EC-B40A-DD802233EAAD}"
EndProject
Project("{888888A0-9F3D-457C-B088-3A5042F75D52}") = "114", "114\114.pyproj", "{BAD88324-6665-4651-8801-F879D9B9B43F}"
EndProject
Project("{888888A0-9F3D-457C-B088-3A5042F75D52}") = "122", "122\122.pyproj", "{5EFEF7F4-E320-4BA5-86DA-0EA66C3CFF96}"
EndProject
Project("{888888A0-9F3D-457C-B088-3A5042F75D52}") = "130", "130\130.pyproj", "{FDE79AA9-AE73-468D-8702-205E75B3CB87}"
EndProject
Project("{888888A0-9F3D-457C-B088-3A5042F75D52}") = "138", "138\138.pyproj", "{98758BD3-4F58-4E74-9506-E6C419A7978B}"
EndProject
Project("{888888A0-9F3D-457C-B088-3A5042F75D52}") = "146", "146\146.pyproj", "{F5736E01-F0E8-4CC8-989D-4A06417911B8}"
EndProject
Project("{888888A0-9F3D-457C-B088-3A5042F75D52}") = "154", "154\154.pyproj", "{1CF4FC86-AFDD-4964-BC17-F1BD0A276952}"
EndProject
Project("{888888A0-9F3D-457C-B088-3A5042F75D52}") = "162", "162\162.pyproj", "{DC2ED22E-BD98-488A-95B7-B6E98041EE3A}"
EndProject
Project("{888888A0-9F3D-457C-B088-3A5042F75D52}") = "Bai008", "Bai008\Bai008.pyproj", "{4D161E9F-FA17-472B-B33E-75406465DC73}"
EndProject
Project("{888888A0-9F3D-457C-B088-3A5042F75D52}") = "Bai016", "Bai016\Bai016.pyproj", "{5469E4F8-5978-4A29-8309-723F2F84BA4F}"
EndProject
Project("{888888A0-9F3D-457C-B088-3A5042F75D52}") = "Bai024", "Bai024\Bai024.pyproj", "{975FEF77-1102-4EEB-902E-3E98045E8CD6}"
EndProject
Project("{888888A0-9F3D-457C-B088-3A5042F75D52}") = "Bai032", "Bai032\Bai032.pyproj", "{DE843064-2616-426A-B4DB-8F54E26A7F40}"
EndProject
Project("{888888A0-9F3D-457C-B088-3A5042F75D52}") = "Bai040", "Bai040\Bai040.pyproj", "{FCA74315-C887-4E0A-88FC-F2335B623709}"
EndProject
Project("{888888A0-9F3D-457C-B088-3A5042F75D52}") = "Bai048", "Bai048\Bai048.pyproj", "{5C7637E3-0A9B-4633-9B64-BF6A04F0FAC1}"
EndProject
Project("{888888A0-9F3D-457C-B088-3A5042F75D52}") = "Bai056", "Bai056\Bai056.pyproj", "{3F4C7BCA-8705-4B13-8B25-B0DD8ACF8656}"
EndProject
Project("{888888A0-9F3D-457C-B088-3A5042F75D52}") = "Bai064", "Bai064\Bai064.pyproj", "{D8E69C18-4B1B-4380-A977-EE3FACD6A106}"
EndProject
Project("{888888A0-9F3D-457C-B088-3A5042F75D52}") = "Bai072", "Bai072\Bai072.pyproj", "{7BAF0D5B-D238-4693-944A-468F94A83E73}"
EndProject
Project("{888888A0-9F3D-457C-B088-3A5042F75D52}") = "Bai080", "Bai080\Bai080.pyproj", "{B7155B7D-FEA1-40E5-947B-524476E48DF0}"
EndProject
Project("{888888A0-9F3D-457C-B088-3A5042F75D52}") = "Bai088", "Bai088\Bai088.pyproj", "{77E756FD-B380-4174-A2D6-12DD4063C2D3}"
EndProject
Project("{888888A0-9F3D-457C-B088-3A5042F75D52}") = "Bai096", "Bai096\Bai096.pyproj", "{3CD5D42D-5350-43BF-ADE2-0B85F19211B7}"
EndProject
Project("{888888A0-9F3D-457C-B088-3A5042F75D52}") = "Bai104", "Bai104\Bai104.pyproj", "{5A302AF4-558A-4C0B-82E3-C33B56E21482}"
EndProject
Project("{888888A0-9F3D-457C-B088-3A5042F75D52}") = "Bai112", "Bai112\Bai112.pyproj", "{DE214404-9995-4C69-9ED3-9022B2A5D813}"
EndProject
Project("{888888A0-9F3D-457C-B088-3A5042F75D52}") = "Bai120", "Bai120\Bai120.pyproj", "{045D0B58-2D89-410C-B48E-5665BF909BE2}"
EndProject
Project("{888888A0-9F3D-457C-B088-3A5042F75D52}") = "Bai128", "Bai128\Bai128.pyproj", "{8A0077CF-9F96-49CD-AAAC-0B0D707823C5}"
EndProject
Project("{888888A0-9F3D-457C-B088-3A5042F75D52}") = "Bai136", "Bai136\Bai136.pyproj", "{F30F14CF-7CB8-488B-AE33-DBA8190AE1B2}"
EndProject
Project("{888888A0-9F3D-457C-B088-3A5042F75D52}") = "Bai144", "Bai144\Bai144.pyproj", "{FC209A08-2247-4359-B0CD-EB54919DE32B}"
EndProject
Project("{888888A0-9F3D-457C-B088-3A5042F75D52}") = "Bai152", "Bai152\Bai152.pyproj", "{E009C162-863B-4CA6-9A40-FF0CFE6E48F0}"
EndProject
Project("{888888A0-9F3D-457C-B088-3A5042F75D52}") = "Bai160", "Bai160\Bai160.pyproj", "{77246AA9-C7D3-486C-ACDB-B7A9FC9A6ED7}"
EndProject
Project("{888888A0-9F3D-457C-B088-3A5042F75D52}") = "Bai02", "Bai02\Bai02.pyproj", "{57C10F18-6A97-4FF2-8EAE-ED9B231ACE06}"
EndProject
Project("{888888A0-9F3D-457C-B088-3A5042F75D52}") = "Bai10", "Bai10\Bai10.pyproj", "{9AA0407A-862F-4FD4-8D8E-6DF25B8D0035}"
EndProject
Project("{888888A0-9F3D-457C-B088-3A5042F75D52}") = "Bai18", "Bai18\Bai18.pyproj", "{964358AA-F477-4CF1-B093-1DF3E5895D3D}"
EndProject
Project("{888888A0-9F3D-457C-B088-3A5042F75D52}") = "Bai25", "Bai25\Bai25.pyproj", "{3F072780-AC16-4BB2-A6C6-E8C6E1875C36}"
EndProject
Project("{888888A0-9F3D-457C-B088-3A5042F75D52}") = "Bai34", "Bai34\Bai34.pyproj", "{E166BF18-99F6-436E-BCCC-C5D1091271F4}"
EndProject
Project("{888888A0-9F3D-457C-B088-3A5042F75D52}") = "Bai42", "Bai42\Bai42.pyproj", "{2883DEE4-F860-44DC-8FE3-869E3A25493A}"
EndProject
Project("{888888A0-9F3D-457C-B088-3A5042F75D52}") = "Bai50", "Bai50\Bai50.pyproj", "{43C8AC9A-D7D3-4D76-8158-0340F6F0A871}"
EndProject
Project("{888888A0-9F3D-457C-B088-3A5042F75D52}") = "Bai58", "Bai58\Bai58.pyproj", "{B5C2A2E9-883E-4726-83E8-70DDA329A7B6}"
EndProject
Project("{888888A0-9F3D-457C-B088-3A5042F75D52}") = "Bai66", "Bai66\Bai66.pyproj", "{CF41AAEC-0E53-4BBA-ADF4-4A4B88D71EB6}"
EndProject
Project("{888888A0-9F3D-457C-B088-3A5042F75D52}") = "Bai74", "Bai74\Bai74.pyproj", "{62627148-BB32-4403-AF16-A1D9EC11A02D}"
EndProject
Project("{888888A0-9F3D-457C-B088-3A5042F75D52}") = "Bai82", "Bai82\Bai82.pyproj", "{626D6379-8A82-46BB-BDAD-B5E84DBEECED}"
EndProject
Project("{888888A0-9F3D-457C-B088-3A5042F75D52}") = "Bai90", "Bai90\Bai90.pyproj", "{8E763EA8-407E-46D8-9E6E-0A0C5D6F742A}"
EndProject
Project("{888888A0-9F3D-457C-B088-3A5042F75D52}") = "Bai98", "Bai98\Bai98.pyproj", "{A06A8B49-628C-4DB4-B4F6-D20D6F270EE0}"
EndProject
Project("{888888A0-9F3D-457C-B088-3A5042F75D52}") = "Bai106", "Bai106\Bai106.pyproj", "{4A43EACF-3BC2-4B2D-A000-C3F5FB3B3016}"
EndProject
Project("{888888A0-9F3D-457C-B088-3A5042F75D52}") = "Bai113", "Bai113\Bai113.pyproj", "{767911D2-CE4A-4E23-A882-04404F3C2CE3}"
EndProject
Project("{888888A0-9F3D-457C-B088-3A5042F75D52}") = "Bai121", "Bai121\Bai121.pyproj", "{19CDB3FF-2C30-4BCC-B6E9-7E238C24D969}"
EndProject
Project("{888888A0-9F3D-457C-B088-3A5042F75D52}") = "Bai129", "Bai129\Bai129.pyproj", "{CF58DD07-FDD7-4AED-AC93-D15C74A49992}"
EndProject
Project("{888888A0-9F3D-457C-B088-3A5042F75D52}") = "Bai137", "Bai137\Bai137.pyproj", "{DB7BEB9F-5617-4FB0-A789-7B55D627C8ED}"
EndProject
Project("{888888A0-9F3D-457C-B088-3A5042F75D52}") = "Bai145", "Bai145\Bai145.pyproj", "{076F0648-EC3C-458C-B27E-C34CD264428C}"
EndProject
Project("{888888A0-9F3D-457C-B088-3A5042F75D52}") = "Bai153", "Bai153\Bai153.pyproj", "{F636364D-9254-440D-B382-C650ABCE29D6}"
EndProject
Project("{888888A0-9F3D-457C-B088-3A5042F75D52}") = "Bai161", "Bai161\Bai161.pyproj", "{74927024-79FD-418D-BF8A-1C20DB188AC7}"
EndProject
Project("{888888A0-9F3D-457C-B088-3A5042F75D52}") = "Bai127", "Bai127\Bai127.pyproj", "{F4D9D8D2-78A8-4FFC-B8D3-FA92038FA439}"
EndProject
Project("{888888A0-9F3D-457C-B088-3A5042F75D52}") = "Bai135", "Bai135\Bai135.pyproj", "{CD838508-EE37-48CE-BA4C-A989A6D09C40}"
EndProject
Project("{888888A0-9F3D-457C-B088-3A5042F75D52}") = "Bai143", "Bai143\Bai143.pyproj", "{036E1993-D500-4EEF-89E7-9400BA279B08}"
EndProject
Project("{888888A0-9F3D-457C-B088-3A5042F75D52}") = "7", "7\7.pyproj", "{9EEF438A-8E2F-4629-A967-464828323CCE}"
EndProject
Project("{888888A0-9F3D-457C-B088-3A5042F75D52}") = "15", "15\15.pyproj", "{4270DF81-C4F0-4BAB-BCDC-D85D0833CCE8}"
EndProject
Project("{888888A0-9F3D-457C-B088-3A5042F75D52}") = "23", "23\23.pyproj", "{D4007C75-E154-4BA9-8BB4-3752A3479286}"
EndProject
Global
	GlobalSection(SolutionConfigurationPlatforms) = preSolution
		Debug|Any CPU = Debug|Any CPU
		Release|Any CPU = Release|Any CPU
	EndGlobalSection
	GlobalSection(ProjectConfigurationPlatforms) = postSolution
		{7476F825-9AB7-44B0-9A2A-0C33C1180933}.Debug|Any CPU.ActiveCfg = Debug|Any CPU
		{7476F825-9AB7-44B0-9A2A-0C33C1180933}.Release|Any CPU.ActiveCfg = Release|Any CPU
		{E75E9DF0-EBC3-4081-9AEF-BA2DB94044D2}.Debug|Any CPU.ActiveCfg = Debug|Any CPU
		{E75E9DF0-EBC3-4081-9AEF-BA2DB94044D2}.Release|Any CPU.ActiveCfg = Release|Any CPU
		{27232018-47D1-4E0C-959C-860CCBF0FD3B}.Debug|Any CPU.ActiveCfg = Debug|Any CPU
		{27232018-47D1-4E0C-959C-860CCBF0FD3B}.Release|Any CPU.ActiveCfg = Release|Any CPU
		{0887B07E-582A-4E42-AAED-05621418082E}.Debug|Any CPU.ActiveCfg = Debug|Any CPU
		{0887B07E-582A-4E42-AAED-05621418082E}.Release|Any CPU.ActiveCfg = Release|Any CPU
		{FC98D32D-E343-43A8-9A87-7FF389A1637B}.Debug|Any CPU.ActiveCfg = Debug|Any CPU
		{FC98D32D-E343-43A8-9A87-7FF389A1637B}.Release|Any CPU.ActiveCfg = Release|Any CPU
		{682C681A-1E2B-474C-A699-7AFC2828C1D9}.Debug|Any CPU.ActiveCfg = Debug|Any CPU
		{682C681A-1E2B-474C-A699-7AFC2828C1D9}.Release|Any CPU.ActiveCfg = Release|Any CPU
		{BC479CCF-6EBB-4A3F-B0DB-F71B7AAF238C}.Debug|Any CPU.ActiveCfg = Debug|Any CPU
		{BC479CCF-6EBB-4A3F-B0DB-F71B7AAF238C}.Release|Any CPU.ActiveCfg = Release|Any CPU
		{7C830B27-E644-42F7-988F-8C2398C72B44}.Debug|Any CPU.ActiveCfg = Debug|Any CPU
		{7C830B27-E644-42F7-988F-8C2398C72B44}.Release|Any CPU.ActiveCfg = Release|Any CPU
		{23A92C72-3DA6-4E62-B795-958F8B1C1C9A}.Debug|Any CPU.ActiveCfg = Debug|Any CPU
		{23A92C72-3DA6-4E62-B795-958F8B1C1C9A}.Release|Any CPU.ActiveCfg = Release|Any CPU
		{82A78570-0C31-45E8-95CB-DBC396C54201}.Debug|Any CPU.ActiveCfg = Debug|Any CPU
		{82A78570-0C31-45E8-95CB-DBC396C54201}.Release|Any CPU.ActiveCfg = Release|Any CPU
		{0F51D3A6-CEEB-4C87-9465-FD463F01E11F}.Debug|Any CPU.ActiveCfg = Debug|Any CPU
		{0F51D3A6-CEEB-4C87-9465-FD463F01E11F}.Release|Any CPU.ActiveCfg = Release|Any CPU
		{CA4EA430-A8C0-48FD-9772-6F2C8F5F18D4}.Debug|Any CPU.ActiveCfg = Debug|Any CPU
		{CA4EA430-A8C0-48FD-9772-6F2C8F5F18D4}.Release|Any CPU.ActiveCfg = Release|Any CPU
		{451F8846-1088-4FE8-ACFB-D53EF544A88D}.Debug|Any CPU.ActiveCfg = Debug|Any CPU
		{451F8846-1088-4FE8-ACFB-D53EF544A88D}.Release|Any CPU.ActiveCfg = Release|Any CPU
		{CEBA4656-0437-45EC-B40A-DD802233EAAD}.Debug|Any CPU.ActiveCfg = Debug|Any CPU
		{CEBA4656-0437-45EC-B40A-DD802233EAAD}.Release|Any CPU.ActiveCfg = Release|Any CPU
		{BAD88324-6665-4651-8801-F879D9B9B43F}.Debug|Any CPU.ActiveCfg = Debug|Any CPU
		{BAD88324-6665-4651-8801-F879D9B9B43F}.Release|Any CPU.ActiveCfg = Release|Any CPU
		{5EFEF7F4-E320-4BA5-86DA-0EA66C3CFF96}.Debug|Any CPU.ActiveCfg = Debug|Any CPU
		{5EFEF7F4-E320-4BA5-86DA-0EA66C3CFF96}.Release|Any CPU.ActiveCfg = Release|Any CPU
		{FDE79AA9-AE73-468D-8702-205E75B3CB87}.Debug|Any CPU.ActiveCfg = Debug|Any CPU
		{FDE79AA9-AE73-468D-8702-205E75B3CB87}.Release|Any CPU.ActiveCfg = Release|Any CPU
		{98758BD3-4F58-4E74-9506-E6C419A7978B}.Debug|Any CPU.ActiveCfg = Debug|Any CPU
		{98758BD3-4F58-4E74-9506-E6C419A7978B}.Release|Any CPU.ActiveCfg = Release|Any CPU
		{F5736E01-F0E8-4CC8-989D-4A06417911B8}.Debug|Any CPU.ActiveCfg = Debug|Any CPU
		{F5736E01-F0E8-4CC8-989D-4A06417911B8}.Release|Any CPU.ActiveCfg = Release|Any CPU
		{1CF4FC86-AFDD-4964-BC17-F1BD0A276952}.Debug|Any CPU.ActiveCfg = Debug|Any CPU
		{1CF4FC86-AFDD-4964-BC17-F1BD0A276952}.Release|Any CPU.ActiveCfg = Release|Any CPU
		{DC2ED22E-BD98-488A-95B7-B6E98041EE3A}.Debug|Any CPU.ActiveCfg = Debug|Any CPU
		{DC2ED22E-BD98-488A-95B7-B6E98041EE3A}.Release|Any CPU.ActiveCfg = Release|Any CPU
		{4D161E9F-FA17-472B-B33E-75406465DC73}.Debug|Any CPU.ActiveCfg = Debug|Any CPU
		{4D161E9F-FA17-472B-B33E-75406465DC73}.Release|Any CPU.ActiveCfg = Release|Any CPU
		{5469E4F8-5978-4A29-8309-723F2F84BA4F}.Debug|Any CPU.ActiveCfg = Debug|Any CPU
		{5469E4F8-5978-4A29-8309-723F2F84BA4F}.Release|Any CPU.ActiveCfg = Release|Any CPU
		{975FEF77-1102-4EEB-902E-3E98045E8CD6}.Debug|Any CPU.ActiveCfg = Debug|Any CPU
		{975FEF77-1102-4EEB-902E-3E98045E8CD6}.Release|Any CPU.ActiveCfg = Release|Any CPU
		{DE843064-2616-426A-B4DB-8F54E26A7F40}.Debug|Any CPU.ActiveCfg = Debug|Any CPU
		{DE843064-2616-426A-B4DB-8F54E26A7F40}.Release|Any CPU.ActiveCfg = Release|Any CPU
		{FCA74315-C887-4E0A-88FC-F2335B623709}.Debug|Any CPU.ActiveCfg = Debug|Any CPU
		{FCA74315-C887-4E0A-88FC-F2335B623709}.Release|Any CPU.ActiveCfg = Release|Any CPU
		{5C7637E3-0A9B-4633-9B64-BF6A04F0FAC1}.Debug|Any CPU.ActiveCfg = Debug|Any CPU
		{5C7637E3-0A9B-4633-9B64-BF6A04F0FAC1}.Release|Any CPU.ActiveCfg = Release|Any CPU
		{3F4C7BCA-8705-4B13-8B25-B0DD8ACF8656}.Debug|Any CPU.ActiveCfg = Debug|Any CPU
		{3F4C7BCA-8705-4B13-8B25-B0DD8ACF8656}.Release|Any CPU.ActiveCfg = Release|Any CPU
		{D8E69C18-4B1B-4380-A977-EE3FACD6A106}.Debug|Any CPU.ActiveCfg = Debug|Any CPU
		{D8E69C18-4B1B-4380-A977-EE3FACD6A106}.Release|Any CPU.ActiveCfg = Release|Any CPU
		{7BAF0D5B-D238-4693-944A-468F94A83E73}.Debug|Any CPU.ActiveCfg = Debug|Any CPU
		{7BAF0D5B-D238-4693-944A-468F94A83E73}.Release|Any CPU.ActiveCfg = Release|Any CPU
		{B7155B7D-FEA1-40E5-947B-524476E48DF0}.Debug|Any CPU.ActiveCfg = Debug|Any CPU
		{B7155B7D-FEA1-40E5-947B-524476E48DF0}.Release|Any CPU.ActiveCfg = Release|Any CPU
		{77E756FD-B380-4174-A2D6-12DD4063C2D3}.Debug|Any CPU.ActiveCfg = Debug|Any CPU
		{77E756FD-B380-4174-A2D6-12DD4063C2D3}.Release|Any CPU.ActiveCfg = Release|Any CPU
		{3CD5D42D-5350-43BF-ADE2-0B85F19211B7}.Debug|Any CPU.ActiveCfg = Debug|Any CPU
		{3CD5D42D-5350-43BF-ADE2-0B85F19211B7}.Release|Any CPU.ActiveCfg = Release|Any CPU
		{5A302AF4-558A-4C0B-82E3-C33B56E21482}.Debug|Any CPU.ActiveCfg = Debug|Any CPU
		{5A302AF4-558A-4C0B-82E3-C33B56E21482}.Release|Any CPU.ActiveCfg = Release|Any CPU
		{DE214404-9995-4C69-9ED3-9022B2A5D813}.Debug|Any CPU.ActiveCfg = Debug|Any CPU
		{DE214404-9995-4C69-9ED3-9022B2A5D813}.Release|Any CPU.ActiveCfg = Release|Any CPU
		{045D0B58-2D89-410C-B48E-5665BF909BE2}.Debug|Any CPU.ActiveCfg = Debug|Any CPU
		{045D0B58-2D89-410C-B48E-5665BF909BE2}.Release|Any CPU.ActiveCfg = Release|Any CPU
		{8A0077CF-9F96-49CD-AAAC-0B0D707823C5}.Debug|Any CPU.ActiveCfg = Debug|Any CPU
		{8A0077CF-9F96-49CD-AAAC-0B0D707823C5}.Release|Any CPU.ActiveCfg = Release|Any CPU
		{F30F14CF-7CB8-488B-AE33-DBA8190AE1B2}.Debug|Any CPU.ActiveCfg = Debug|Any CPU
		{F30F14CF-7CB8-488B-AE33-DBA8190AE1B2}.Release|Any CPU.ActiveCfg = Release|Any CPU
		{FC209A08-2247-4359-B0CD-EB54919DE32B}.Debug|Any CPU.ActiveCfg = Debug|Any CPU
		{FC209A08-2247-4359-B0CD-EB54919DE32B}.Release|Any CPU.ActiveCfg = Release|Any CPU
		{E009C162-863B-4CA6-9A40-FF0CFE6E48F0}.Debug|Any CPU.ActiveCfg = Debug|Any CPU
		{E009C162-863B-4CA6-9A40-FF0CFE6E48F0}.Release|Any CPU.ActiveCfg = Release|Any CPU
		{77246AA9-C7D3-486C-ACDB-B7A9FC9A6ED7}.Debug|Any CPU.ActiveCfg = Debug|Any CPU
		{77246AA9-C7D3-486C-ACDB-B7A9FC9A6ED7}.Release|Any CPU.ActiveCfg = Release|Any CPU
		{57C10F18-6A97-4FF2-8EAE-ED9B231ACE06}.Debug|Any CPU.ActiveCfg = Debug|Any CPU
		{57C10F18-6A97-4FF2-8EAE-ED9B231ACE06}.Release|Any CPU.ActiveCfg = Release|Any CPU
		{9AA0407A-862F-4FD4-8D8E-6DF25B8D0035}.Debug|Any CPU.ActiveCfg = Debug|Any CPU
		{9AA0407A-862F-4FD4-8D8E-6DF25B8D0035}.Release|Any CPU.ActiveCfg = Release|Any CPU
		{964358AA-F477-4CF1-B093-1DF3E5895D3D}.Debug|Any CPU.ActiveCfg = Debug|Any CPU
		{964358AA-F477-4CF1-B093-1DF3E5895D3D}.Release|Any CPU.ActiveCfg = Release|Any CPU
		{3F072780-AC16-4BB2-A6C6-E8C6E1875C36}.Debug|Any CPU.ActiveCfg = Debug|Any CPU
		{3F072780-AC16-4BB2-A6C6-E8C6E1875C36}.Release|Any CPU.ActiveCfg = Release|Any CPU
		{E166BF18-99F6-436E-BCCC-C5D1091271F4}.Debug|Any CPU.ActiveCfg = Debug|Any CPU
		{E166BF18-99F6-436E-BCCC-C5D1091271F4}.Release|Any CPU.ActiveCfg = Release|Any CPU
		{2883DEE4-F860-44DC-8FE3-869E3A25493A}.Debug|Any CPU.ActiveCfg = Debug|Any CPU
		{2883DEE4-F860-44DC-8FE3-869E3A25493A}.Release|Any CPU.ActiveCfg = Release|Any CPU
		{43C8AC9A-D7D3-4D76-8158-0340F6F0A871}.Debug|Any CPU.ActiveCfg = Debug|Any CPU
		{43C8AC9A-D7D3-4D76-8158-0340F6F0A871}.Release|Any CPU.ActiveCfg = Release|Any CPU
		{B5C2A2E9-883E-4726-83E8-70DDA329A7B6}.Debug|Any CPU.ActiveCfg = Debug|Any CPU
		{B5C2A2E9-883E-4726-83E8-70DDA329A7B6}.Release|Any CPU.ActiveCfg = Release|Any CPU
		{CF41AAEC-0E53-4BBA-ADF4-4A4B88D71EB6}.Debug|Any CPU.ActiveCfg = Debug|Any CPU
		{CF41AAEC-0E53-4BBA-ADF4-4A4B88D71EB6}.Release|Any CPU.ActiveCfg = Release|Any CPU
		{62627148-BB32-4403-AF16-A1D9EC11A02D}.Debug|Any CPU.ActiveCfg = Debug|Any CPU
		{62627148-BB32-4403-AF16-A1D9EC11A02D}.Release|Any CPU.ActiveCfg = Release|Any CPU
		{626D6379-8A82-46BB-BDAD-B5E84DBEECED}.Debug|Any CPU.ActiveCfg = Debug|Any CPU
		{626D6379-8A82-46BB-BDAD-B5E84DBEECED}.Release|Any CPU.ActiveCfg = Release|Any CPU
		{8E763EA8-407E-46D8-9E6E-0A0C5D6F742A}.Debug|Any CPU.ActiveCfg = Debug|Any CPU
		{8E763EA8-407E-46D8-9E6E-0A0C5D6F742A}.Release|Any CPU.ActiveCfg = Release|Any CPU
		{A06A8B49-628C-4DB4-B4F6-D20D6F270EE0}.Debug|Any CPU.ActiveCfg = Debug|Any CPU
		{A06A8B49-628C-4DB4-B4F6-D20D6F270EE0}.Release|Any CPU.ActiveCfg = Release|Any CPU
		{4A43EACF-3BC2-4B2D-A000-C3F5FB3B3016}.Debug|Any CPU.ActiveCfg = Debug|Any CPU
		{4A43EACF-3BC2-4B2D-A000-C3F5FB3B3016}.Release|Any CPU.ActiveCfg = Release|Any CPU
		{767911D2-CE4A-4E23-A882-04404F3C2CE3}.Debug|Any CPU.ActiveCfg = Debug|Any CPU
		{767911D2-CE4A-4E23-A882-04404F3C2CE3}.Release|Any CPU.ActiveCfg = Release|Any CPU
		{19CDB3FF-2C30-4BCC-B6E9-7E238C24D969}.Debug|Any CPU.ActiveCfg = Debug|Any CPU
		{19CDB3FF-2C30-4BCC-B6E9-7E238C24D969}.Release|Any CPU.ActiveCfg = Release|Any CPU
		{CF58DD07-FDD7-4AED-AC93-D15C74A49992}.Debug|Any CPU.ActiveCfg = Debug|Any CPU
		{CF58DD07-FDD7-4AED-AC93-D15C74A49992}.Release|Any CPU.ActiveCfg = Release|Any CPU
		{DB7BEB9F-5617-4FB0-A789-7B55D627C8ED}.Debug|Any CPU.ActiveCfg = Debug|Any CPU
		{DB7BEB9F-5617-4FB0-A789-7B55D627C8ED}.Release|Any CPU.ActiveCfg = Release|Any CPU
		{076F0648-EC3C-458C-B27E-C34CD264428C}.Debug|Any CPU.ActiveCfg = Debug|Any CPU
		{076F0648-EC3C-458C-B27E-C34CD264428C}.Release|Any CPU.ActiveCfg = Release|Any CPU
		{F636364D-9254-440D-B382-C650ABCE29D6}.Debug|Any CPU.ActiveCfg = Debug|Any CPU
		{F636364D-9254-440D-B382-C650ABCE29D6}.Release|Any CPU.ActiveCfg = Release|Any CPU
		{74927024-79FD-418D-BF8A-1C20DB188AC7}.Debug|Any CPU.ActiveCfg = Debug|Any CPU
		{74927024-79FD-418D-BF8A-1C20DB188AC7}.Release|Any CPU.ActiveCfg = Release|Any CPU
		{F4D9D8D2-78A8-4FFC-B8D3-FA92038FA439}.Debug|Any CPU.ActiveCfg = Debug|Any CPU
		{F4D9D8D2-78A8-4FFC-B8D3-FA92038FA439}.Release|Any CPU.ActiveCfg = Release|Any CPU
		{CD838508-EE37-48CE-BA4C-A989A6D09C40}.Debug|Any CPU.ActiveCfg = Debug|Any CPU
		{CD838508-EE37-48CE-BA4C-A989A6D09C40}.Release|Any CPU.ActiveCfg = Release|Any CPU
		{036E1993-D500-4EEF-89E7-9400BA279B08}.Debug|Any CPU.ActiveCfg = Debug|Any CPU
		{036E1993-D500-4EEF-89E7-9400BA279B08}.Release|Any CPU.ActiveCfg = Release|Any CPU
		{9EEF438A-8E2F-4629-A967-464828323CCE}.Debug|Any CPU.ActiveCfg = Debug|Any CPU
		{9EEF438A-8E2F-4629-A967-464828323CCE}.Release|Any CPU.ActiveCfg = Release|Any CPU
		{4270DF81-C4F0-4BAB-BCDC-D85D0833CCE8}.Debug|Any CPU.ActiveCfg = Debug|Any CPU
		{4270DF81-C4F0-4BAB-BCDC-D85D0833CCE8}.Release|Any CPU.ActiveCfg = Release|Any CPU
		{D4007C75-E154-4BA9-8BB4-3752A3479286}.Debug|Any CPU.ActiveCfg = Debug|Any CPU
		{D4007C75-E154-4BA9-8BB4-3752A3479286}.Release|Any CPU.ActiveCfg = Release|Any CPU
	EndGlobalSection
	GlobalSection(SolutionProperties) = preSolution
		HideSolutionNode = FALSE
	EndGlobalSection
	GlobalSection(ExtensibilityGlobals) = postSolution
		SolutionGuid = {E9A32DE3-0974-4FA9-AC44-C11125CAB0DC}
	EndGlobalSection
EndGlobal
