
Microsoft Visual Studio Solution File, Format Version 12.00
# Visual Studio Version 17
VisualStudioVersion = 17.7.34031.279
MinimumVisualStudioVersion = 10.0.40219.1
Project("{888888A0-9F3D-457C-B088-3A5042F75D52}") = "Bai008", "Bai008\Bai008.pyproj", "{4D161E9F-FA17-472B-B33E-75406465DC73}"
EndProject
Global
	GlobalSection(SolutionConfigurationPlatforms) = preSolution
		Debug|Any CPU = Debug|Any CPU
		Release|Any CPU = Release|Any CPU
	EndGlobalSection
	GlobalSection(ProjectConfigurationPlatforms) = postSolution
		{4D161E9F-FA17-472B-B33E-75406465DC73}.Debug|Any CPU.ActiveCfg = Debug|Any CPU
		{4D161E9F-FA17-472B-B33E-75406465DC73}.Release|Any CPU.ActiveCfg = Release|Any CPU
	EndGlobalSection
	GlobalSection(SolutionProperties) = preSolution
		HideSolutionNode = FALSE
	EndGlobalSection
	GlobalSection(ExtensibilityGlobals) = postSolution
		SolutionGuid = {E9A32DE3-0974-4FA9-AC44-C11125CAB0DC}
	EndGlobalSection
EndGlobal
