
Microsoft Visual Studio Solution File, Format Version 12.00
# Visual Studio Version 17
VisualStudioVersion = 17.7.34031.279
MinimumVisualStudioVersion = 10.0.40219.1
Project("{888888A0-9F3D-457C-B088-3A5042F75D52}") = "1", "1\1.pyproj", "{7476F825-9AB7-44B0-9A2A-0C33C1180933}"
EndProject
Project("{888888A0-9F3D-457C-B088-3A5042F75D52}") = "9", "9\9.pyproj", "{E75E9DF0-EBC3-4081-9AEF-BA2DB94044D2}"
EndProject
Project("{888888A0-9F3D-457C-B088-3A5042F75D52}") = "17", "17\17.pyproj", "{27232018-47D1-4E0C-959C-860CCBF0FD3B}"
EndProject
Project("{888888A0-9F3D-457C-B088-3A5042F75D52}") = "25", "26\25.pyproj", "{0887B07E-582A-4E42-AAED-05621418082E}"
EndProject
Project("{888888A0-9F3D-457C-B088-3A5042F75D52}") = "33", "34\33.pyproj", "{FC98D32D-E343-43A8-9A87-7FF389A1637B}"
EndProject
Project("{888888A0-9F3D-457C-B088-3A5042F75D52}") = "41", "41\41.pyproj", "{682C681A-1E2B-474C-A699-7AFC2828C1D9}"
EndProject
Project("{888888A0-9F3D-457C-B088-3A5042F75D52}") = "49", "49\49.pyproj", "{BC479CCF-6EBB-4A3F-B0DB-F71B7AAF238C}"
EndProject
Project("{888888A0-9F3D-457C-B088-3A5042F75D52}") = "57", "57\57.pyproj", "{7C830B27-E644-42F7-988F-8C2398C72B44}"
EndProject
Project("{888888A0-9F3D-457C-B088-3A5042F75D52}") = "65", "65\65.pyproj", "{23A92C72-3DA6-4E62-B795-958F8B1C1C9A}"
EndProject
Project("{888888A0-9F3D-457C-B088-3A5042F75D52}") = "73", "73\73.pyproj", "{82A78570-0C31-45E8-95CB-DBC396C54201}"
EndProject
Project("{888888A0-9F3D-457C-B088-3A5042F75D52}") = "81", "81\81.pyproj", "{0F51D3A6-CEEB-4C87-9465-FD463F01E11F}"
EndProject
Project("{888888A0-9F3D-457C-B088-3A5042F75D52}") = "89", "89\89.pyproj", "{CA4EA430-A8C0-48FD-9772-6F2C8F5F18D4}"
EndProject
Project("{888888A0-9F3D-457C-B088-3A5042F75D52}") = "97", "97\97.pyproj", "{451F8846-1088-4FE8-ACFB-D53EF544A88D}"
EndProject
Project("{888888A0-9F3D-457C-B088-3A5042F75D52}") = "105", "105\105.pyproj", "{CEBA4656-0437-45EC-B40A-DD802233EAAD}"
EndProject
Project("{888888A0-9F3D-457C-B088-3A5042F75D52}") = "114", "114\114.pyproj", "{BAD88324-6665-4651-8801-F879D9B9B43F}"
EndProject
Project("{888888A0-9F3D-457C-B088-3A5042F75D52}") = "122", "122\122.pyproj", "{5EFEF7F4-E320-4BA5-86DA-0EA66C3CFF96}"
EndProject
Project("{888888A0-9F3D-457C-B088-3A5042F75D52}") = "130", "130\130.pyproj", "{FDE79AA9-AE73-468D-8702-205E75B3CB87}"
EndProject
Project("{888888A0-9F3D-457C-B088-3A5042F75D52}") = "138", "138\138.pyproj", "{98758BD3-4F58-4E74-9506-E6C419A7978B}"
EndProject
Project("{888888A0-9F3D-457C-B088-3A5042F75D52}") = "146", "146\146.pyproj", "{F5736E01-F0E8-4CC8-989D-4A06417911B8}"
EndProject
Project("{888888A0-9F3D-457C-B088-3A5042F75D52}") = "154", "154\154.pyproj", "{1CF4FC86-AFDD-4964-BC17-F1BD0A276952}"
EndProject
Project("{888888A0-9F3D-457C-B088-3A5042F75D52}") = "162", "162\162.pyproj", "{DC2ED22E-BD98-488A-95B7-B6E98041EE3A}"
EndProject
Project("{888888A0-9F3D-457C-B088-3A5042F75D52}") = "Bai008", "Bai008\Bai008.pyproj", "{4D161E9F-FA17-472B-B33E-75406465DC73}"
EndProject
Project("{888888A0-9F3D-457C-B088-3A5042F75D52}") = "Bai016", "Bai016\Bai016.pyproj", "{5469E4F8-5978-4A29-8309-723F2F84BA4F}"
EndProject
Project("{888888A0-9F3D-457C-B088-3A5042F75D52}") = "Bai024", "Bai024\Bai024.pyproj", "{975FEF77-1102-4EEB-902E-3E98045E8CD6}"
EndProject
Project("{888888A0-9F3D-457C-B088-3A5042F75D52}") = "Bai032", "Bai032\Bai032.pyproj", "{DE843064-2616-426A-B4DB-8F54E26A7F40}"
EndProject
Project("{888888A0-9F3D-457C-B088-3A5042F75D52}") = "Bai040", "Bai040\Bai040.pyproj", "{FCA74315-C887-4E0A-88FC-F2335B623709}"
EndProject
Project("{888888A0-9F3D-457C-B088-3A5042F75D52}") = "Bai048", "Bai048\Bai048.pyproj", "{5C7637E3-0A9B-4633-9B64-BF6A04F0FAC1}"
EndProject
Global
	GlobalSection(SolutionConfigurationPlatforms) = preSolution
		Debug|Any CPU = Debug|Any CPU
		Release|Any CPU = Release|Any CPU
	EndGlobalSection
	GlobalSection(ProjectConfigurationPlatforms) = postSolution
		{7476F825-9AB7-44B0-9A2A-0C33C1180933}.Debug|Any CPU.ActiveCfg = Debug|Any CPU
		{7476F825-9AB7-44B0-9A2A-0C33C1180933}.Release|Any CPU.ActiveCfg = Release|Any CPU
		{E75E9DF0-EBC3-4081-9AEF-BA2DB94044D2}.Debug|Any CPU.ActiveCfg = Debug|Any CPU
		{E75E9DF0-EBC3-4081-9AEF-BA2DB94044D2}.Release|Any CPU.ActiveCfg = Release|Any CPU
		{27232018-47D1-4E0C-959C-860CCBF0FD3B}.Debug|Any CPU.ActiveCfg = Debug|Any CPU
		{27232018-47D1-4E0C-959C-860CCBF0FD3B}.Release|Any CPU.ActiveCfg = Release|Any CPU
		{0887B07E-582A-4E42-AAED-05621418082E}.Debug|Any CPU.ActiveCfg = Debug|Any CPU
		{0887B07E-582A-4E42-AAED-05621418082E}.Release|Any CPU.ActiveCfg = Release|Any CPU
		{FC98D32D-E343-43A8-9A87-7FF389A1637B}.Debug|Any CPU.ActiveCfg = Debug|Any CPU
		{FC98D32D-E343-43A8-9A87-7FF389A1637B}.Release|Any CPU.ActiveCfg = Release|Any CPU
		{682C681A-1E2B-474C-A699-7AFC2828C1D9}.Debug|Any CPU.ActiveCfg = Debug|Any CPU
		{682C681A-1E2B-474C-A699-7AFC2828C1D9}.Release|Any CPU.ActiveCfg = Release|Any CPU
		{BC479CCF-6EBB-4A3F-B0DB-F71B7AAF238C}.Debug|Any CPU.ActiveCfg = Debug|Any CPU
		{BC479CCF-6EBB-4A3F-B0DB-F71B7AAF238C}.Release|Any CPU.ActiveCfg = Release|Any CPU
		{7C830B27-E644-42F7-988F-8C2398C72B44}.Debug|Any CPU.ActiveCfg = Debug|Any CPU
		{7C830B27-E644-42F7-988F-8C2398C72B44}.Release|Any CPU.ActiveCfg = Release|Any CPU
		{23A92C72-3DA6-4E62-B795-958F8B1C1C9A}.Debug|Any CPU.ActiveCfg = Debug|Any CPU
		{23A92C72-3DA6-4E62-B795-958F8B1C1C9A}.Release|Any CPU.ActiveCfg = Release|Any CPU
		{82A78570-0C31-45E8-95CB-DBC396C54201}.Debug|Any CPU.ActiveCfg = Debug|Any CPU
		{82A78570-0C31-45E8-95CB-DBC396C54201}.Release|Any CPU.ActiveCfg = Release|Any CPU
		{0F51D3A6-CEEB-4C87-9465-FD463F01E11F}.Debug|Any CPU.ActiveCfg = Debug|Any CPU
		{0F51D3A6-CEEB-4C87-9465-FD463F01E11F}.Release|Any CPU.ActiveCfg = Release|Any CPU
		{CA4EA430-A8C0-48FD-9772-6F2C8F5F18D4}.Debug|Any CPU.ActiveCfg = Debug|Any CPU
		{CA4EA430-A8C0-48FD-9772-6F2C8F5F18D4}.Release|Any CPU.ActiveCfg = Release|Any CPU
		{451F8846-1088-4FE8-ACFB-D53EF544A88D}.Debug|Any CPU.ActiveCfg = Debug|Any CPU
		{451F8846-1088-4FE8-ACFB-D53EF544A88D}.Release|Any CPU.ActiveCfg = Release|Any CPU
		{CEBA4656-0437-45EC-B40A-DD802233EAAD}.Debug|Any CPU.ActiveCfg = Debug|Any CPU
		{CEBA4656-0437-45EC-B40A-DD802233EAAD}.Release|Any CPU.ActiveCfg = Release|Any CPU
		{BAD88324-6665-4651-8801-F879D9B9B43F}.Debug|Any CPU.ActiveCfg = Debug|Any CPU
		{BAD88324-6665-4651-8801-F879D9B9B43F}.Release|Any CPU.ActiveCfg = Release|Any CPU
		{5EFEF7F4-E320-4BA5-86DA-0EA66C3CFF96}.Debug|Any CPU.ActiveCfg = Debug|Any CPU
		{5EFEF7F4-E320-4BA5-86DA-0EA66C3CFF96}.Release|Any CPU.ActiveCfg = Release|Any CPU
		{FDE79AA9-AE73-468D-8702-205E75B3CB87}.Debug|Any CPU.ActiveCfg = Debug|Any CPU
		{FDE79AA9-AE73-468D-8702-205E75B3CB87}.Release|Any CPU.ActiveCfg = Release|Any CPU
		{98758BD3-4F58-4E74-9506-E6C419A7978B}.Debug|Any CPU.ActiveCfg = Debug|Any CPU
		{98758BD3-4F58-4E74-9506-E6C419A7978B}.Release|Any CPU.ActiveCfg = Release|Any CPU
		{F5736E01-F0E8-4CC8-989D-4A06417911B8}.Debug|Any CPU.ActiveCfg = Debug|Any CPU
		{F5736E01-F0E8-4CC8-989D-4A06417911B8}.Release|Any CPU.ActiveCfg = Release|Any CPU
		{1CF4FC86-AFDD-4964-BC17-F1BD0A276952}.Debug|Any CPU.ActiveCfg = Debug|Any CPU
		{1CF4FC86-AFDD-4964-BC17-F1BD0A276952}.Release|Any CPU.ActiveCfg = Release|Any CPU
		{DC2ED22E-BD98-488A-95B7-B6E98041EE3A}.Debug|Any CPU.ActiveCfg = Debug|Any CPU
		{DC2ED22E-BD98-488A-95B7-B6E98041EE3A}.Release|Any CPU.ActiveCfg = Release|Any CPU
		{4D161E9F-FA17-472B-B33E-75406465DC73}.Debug|Any CPU.ActiveCfg = Debug|Any CPU
		{4D161E9F-FA17-472B-B33E-75406465DC73}.Release|Any CPU.ActiveCfg = Release|Any CPU
		{5469E4F8-5978-4A29-8309-723F2F84BA4F}.Debug|Any CPU.ActiveCfg = Debug|Any CPU
		{5469E4F8-5978-4A29-8309-723F2F84BA4F}.Release|Any CPU.ActiveCfg = Release|Any CPU
		{975FEF77-1102-4EEB-902E-3E98045E8CD6}.Debug|Any CPU.ActiveCfg = Debug|Any CPU
		{975FEF77-1102-4EEB-902E-3E98045E8CD6}.Release|Any CPU.ActiveCfg = Release|Any CPU
		{DE843064-2616-426A-B4DB-8F54E26A7F40}.Debug|Any CPU.ActiveCfg = Debug|Any CPU
		{DE843064-2616-426A-B4DB-8F54E26A7F40}.Release|Any CPU.ActiveCfg = Release|Any CPU
		{FCA74315-C887-4E0A-88FC-F2335B623709}.Debug|Any CPU.ActiveCfg = Debug|Any CPU
		{FCA74315-C887-4E0A-88FC-F2335B623709}.Release|Any CPU.ActiveCfg = Release|Any CPU
		{5C7637E3-0A9B-4633-9B64-BF6A04F0FAC1}.Debug|Any CPU.ActiveCfg = Debug|Any CPU
		{5C7637E3-0A9B-4633-9B64-BF6A04F0FAC1}.Release|Any CPU.ActiveCfg = Release|Any CPU
	EndGlobalSection
	GlobalSection(SolutionProperties) = preSolution
		HideSolutionNode = FALSE
	EndGlobalSection
	GlobalSection(ExtensibilityGlobals) = postSolution
		SolutionGuid = {E9A32DE3-0974-4FA9-AC44-C11125CAB0DC}
	EndGlobalSection
EndGlobal
